
Microsoft Visual Studio Solution File, Format Version 12.00
# Visual Studio Version 16
VisualStudioVersion = 16.0.32510.428
MinimumVisualStudioVersion = 10.0.40219.1
Project("{FAE04EC0-301F-11D3-BF4B-00C04F79EFBC}") = "myConsoleProject.cs", "myConsoleProject.cs\myConsoleProject.cs.csproj", "{392BD8D6-CB44-46D1-A07F-99D4EEC6BBE4}"
EndProject
Global
	GlobalSection(SolutionConfigurationPlatforms) = preSolution
		Debug|Any CPU = Debug|Any CPU
		Release|Any CPU = Release|Any CPU
	EndGlobalSection
	GlobalSection(ProjectConfigurationPlatforms) = postSolution
		{392BD8D6-CB44-46D1-A07F-99D4EEC6BBE4}.Debug|Any CPU.ActiveCfg = Debug|Any CPU
		{392BD8D6-CB44-46D1-A07F-99D4EEC6BBE4}.Debug|Any CPU.Build.0 = Debug|Any CPU
		{392BD8D6-CB44-46D1-A07F-99D4EEC6BBE4}.Release|Any CPU.ActiveCfg = Release|Any CPU
		{392BD8D6-CB44-46D1-A07F-99D4EEC6BBE4}.Release|Any CPU.Build.0 = Release|Any CPU
	EndGlobalSection
	GlobalSection(SolutionProperties) = preSolution
		HideSolutionNode = FALSE
	EndGlobalSection
	GlobalSection(ExtensibilityGlobals) = postSolution
		SolutionGuid = {DA4F841D-A7CC-49AE-A65D-811815F5E4FA}
	EndGlobalSection
EndGlobal
