
Microsoft Visual Studio Solution File, Format Version 12.00
# Visual Studio Version 17
VisualStudioVersion = 17.2.32630.192
MinimumVisualStudioVersion = 10.0.40219.1
Project("{FAE04EC0-301F-11D3-BF4B-00C04F79EFBC}") = "Challenge", "Challenge\Challenge.csproj", "{A35A0993-CA81-4B47-BB50-A96A362974AA}"
EndProject
Global
	GlobalSection(SolutionConfigurationPlatforms) = preSolution
		Debug|Any CPU = Debug|Any CPU
		Release|Any CPU = Release|Any CPU
	EndGlobalSection
	GlobalSection(ProjectConfigurationPlatforms) = postSolution
		{A35A0993-CA81-4B47-BB50-A96A362974AA}.Debug|Any CPU.ActiveCfg = Debug|Any CPU
		{A35A0993-CA81-4B47-BB50-A96A362974AA}.Debug|Any CPU.Build.0 = Debug|Any CPU
		{A35A0993-CA81-4B47-BB50-A96A362974AA}.Release|Any CPU.ActiveCfg = Release|Any CPU
		{A35A0993-CA81-4B47-BB50-A96A362974AA}.Release|Any CPU.Build.0 = Release|Any CPU
	EndGlobalSection
	GlobalSection(SolutionProperties) = preSolution
		HideSolutionNode = FALSE
	EndGlobalSection
	GlobalSection(ExtensibilityGlobals) = postSolution
		SolutionGuid = {B8FFBBD2-1F03-41CD-ADB7-FC2B4FC957DB}
	EndGlobalSection
EndGlobal
